
Microsoft Visual Studio Solution File, Format Version 12.00
# Visual Studio Version 17
VisualStudioVersion = 17.6.33723.286
MinimumVisualStudioVersion = 10.0.40219.1
Project("{FAE04EC0-301F-11D3-BF4B-00C04F79EFBC}") = "1.Vueling.Facade.Crud", "1.Vueling.Facade.Crud.csproj", "{5E0CE0DA-AE7C-4189-B39C-0BFB632A1937}"
EndProject
Project("{FAE04EC0-301F-11D3-BF4B-00C04F79EFBC}") = "2.Vueling.Business.Rules", "..\Vueling.Business.Rules\2.Vueling.Business.Rules.csproj", "{80097788-A660-4975-8F7E-B2089BC5BBC3}"
EndProject
Project("{FAE04EC0-301F-11D3-BF4B-00C04F79EFBC}") = "3.Vueling.Infrastructure.Repository", "..\Vueling.Infrastructure.Repository\3.Vueling.Infrastructure.Repository.csproj", "{AF671684-3F38-4EF9-8947-77E0F103932D}"
EndProject
Project("{FAE04EC0-301F-11D3-BF4B-00C04F79EFBC}") = "Vueling.CrossCutting.Utilities", "..\Vueling.CrossCutting.Utilities\Vueling.CrossCutting.Utilities.csproj", "{630D5666-5195-45C7-ACBF-9E6DD81842A0}"
EndProject
Global
	GlobalSection(SolutionConfigurationPlatforms) = preSolution
		Debug|Any CPU = Debug|Any CPU
		Release|Any CPU = Release|Any CPU
	EndGlobalSection
	GlobalSection(ProjectConfigurationPlatforms) = postSolution
		{5E0CE0DA-AE7C-4189-B39C-0BFB632A1937}.Debug|Any CPU.ActiveCfg = Debug|Any CPU
		{5E0CE0DA-AE7C-4189-B39C-0BFB632A1937}.Debug|Any CPU.Build.0 = Debug|Any CPU
		{5E0CE0DA-AE7C-4189-B39C-0BFB632A1937}.Release|Any CPU.ActiveCfg = Release|Any CPU
		{5E0CE0DA-AE7C-4189-B39C-0BFB632A1937}.Release|Any CPU.Build.0 = Release|Any CPU
		{80097788-A660-4975-8F7E-B2089BC5BBC3}.Debug|Any CPU.ActiveCfg = Debug|Any CPU
		{80097788-A660-4975-8F7E-B2089BC5BBC3}.Debug|Any CPU.Build.0 = Debug|Any CPU
		{80097788-A660-4975-8F7E-B2089BC5BBC3}.Release|Any CPU.ActiveCfg = Release|Any CPU
		{80097788-A660-4975-8F7E-B2089BC5BBC3}.Release|Any CPU.Build.0 = Release|Any CPU
		{AF671684-3F38-4EF9-8947-77E0F103932D}.Debug|Any CPU.ActiveCfg = Debug|Any CPU
		{AF671684-3F38-4EF9-8947-77E0F103932D}.Debug|Any CPU.Build.0 = Debug|Any CPU
		{AF671684-3F38-4EF9-8947-77E0F103932D}.Release|Any CPU.ActiveCfg = Release|Any CPU
		{AF671684-3F38-4EF9-8947-77E0F103932D}.Release|Any CPU.Build.0 = Release|Any CPU
		{630D5666-5195-45C7-ACBF-9E6DD81842A0}.Debug|Any CPU.ActiveCfg = Debug|Any CPU
		{630D5666-5195-45C7-ACBF-9E6DD81842A0}.Debug|Any CPU.Build.0 = Debug|Any CPU
		{630D5666-5195-45C7-ACBF-9E6DD81842A0}.Release|Any CPU.ActiveCfg = Release|Any CPU
		{630D5666-5195-45C7-ACBF-9E6DD81842A0}.Release|Any CPU.Build.0 = Release|Any CPU
	EndGlobalSection
	GlobalSection(SolutionProperties) = preSolution
		HideSolutionNode = FALSE
	EndGlobalSection
	GlobalSection(ExtensibilityGlobals) = postSolution
		SolutionGuid = {C10A388C-5308-40C6-9E1D-A0EA83DEFB47}
	EndGlobalSection
EndGlobal
